
Microsoft Visual Studio Solution File, Format Version 12.00
# Visual Studio Version 17
VisualStudioVersion = 17.0.31903.59
MinimumVisualStudioVersion = 10.0.40219.1
Project("{2150E333-8FDC-42A3-9474-1A3956D46DE8}") = "src", "src", "{588DBBEF-1B95-4B0E-A486-6B1E20B191ED}"
EndProject
Project("{FAE04EC0-301F-11D3-BF4B-00C04F79EFBC}") = "Onyx.ProductsApi.Contracts", "src\Onyx.ProductsApi.Contracts\Onyx.ProductsApi.Contracts.csproj", "{B31D7935-40A5-4A06-96D2-C70A8D2727E9}"
EndProject
Project("{FAE04EC0-301F-11D3-BF4B-00C04F79EFBC}") = "Onyx.ProductsApi", "src\Onyx.ProductsApi\Onyx.ProductsApi.csproj", "{C3AA4075-DA6D-4FBC-BC1B-85729F755B8A}"
EndProject
Project("{FAE04EC0-301F-11D3-BF4B-00C04F79EFBC}") = "Onyx.ProductsApi.Tests", "src\Onyx.ProductsApi.Tests\Onyx.ProductsApi.Tests.csproj", "{D914DB6F-DB51-4F78-BE1F-63A270C7BCE9}"
EndProject
Global
	GlobalSection(SolutionConfigurationPlatforms) = preSolution
		Debug|Any CPU = Debug|Any CPU
		Release|Any CPU = Release|Any CPU
	EndGlobalSection
	GlobalSection(SolutionProperties) = preSolution
		HideSolutionNode = FALSE
	EndGlobalSection
	GlobalSection(ProjectConfigurationPlatforms) = postSolution
		{B31D7935-40A5-4A06-96D2-C70A8D2727E9}.Debug|Any CPU.ActiveCfg = Debug|Any CPU
		{B31D7935-40A5-4A06-96D2-C70A8D2727E9}.Debug|Any CPU.Build.0 = Debug|Any CPU
		{B31D7935-40A5-4A06-96D2-C70A8D2727E9}.Release|Any CPU.ActiveCfg = Release|Any CPU
		{B31D7935-40A5-4A06-96D2-C70A8D2727E9}.Release|Any CPU.Build.0 = Release|Any CPU
		{C3AA4075-DA6D-4FBC-BC1B-85729F755B8A}.Debug|Any CPU.ActiveCfg = Debug|Any CPU
		{C3AA4075-DA6D-4FBC-BC1B-85729F755B8A}.Debug|Any CPU.Build.0 = Debug|Any CPU
		{C3AA4075-DA6D-4FBC-BC1B-85729F755B8A}.Release|Any CPU.ActiveCfg = Release|Any CPU
		{C3AA4075-DA6D-4FBC-BC1B-85729F755B8A}.Release|Any CPU.Build.0 = Release|Any CPU
		{D914DB6F-DB51-4F78-BE1F-63A270C7BCE9}.Debug|Any CPU.ActiveCfg = Debug|Any CPU
		{D914DB6F-DB51-4F78-BE1F-63A270C7BCE9}.Debug|Any CPU.Build.0 = Debug|Any CPU
		{D914DB6F-DB51-4F78-BE1F-63A270C7BCE9}.Release|Any CPU.ActiveCfg = Release|Any CPU
		{D914DB6F-DB51-4F78-BE1F-63A270C7BCE9}.Release|Any CPU.Build.0 = Release|Any CPU
	EndGlobalSection
	GlobalSection(NestedProjects) = preSolution
		{B31D7935-40A5-4A06-96D2-C70A8D2727E9} = {588DBBEF-1B95-4B0E-A486-6B1E20B191ED}
		{C3AA4075-DA6D-4FBC-BC1B-85729F755B8A} = {588DBBEF-1B95-4B0E-A486-6B1E20B191ED}
		{D914DB6F-DB51-4F78-BE1F-63A270C7BCE9} = {588DBBEF-1B95-4B0E-A486-6B1E20B191ED}
	EndGlobalSection
EndGlobal
